{
  "originHash" : "a0495048c6261152c56962260b88042223e84c1e5c9f23385a00c8a2f57065d6",
  "pins" : [
    {
      "identity" : "bigint",
      "kind" : "remoteSourceControl",
      "location" : "https://github.com/attaswift/BigInt.git",
      "state" : {
        "revision" : "793a7fac0bfc318e85994bf6900652e827aef33e",
        "version" : "5.4.1"
      }
    },
    {
      "identity" : "swift-crypto",
      "kind" : "remoteSourceControl",
      "location" : "https://github.com/apple/swift-crypto.git",
      "state" : {
        "revision" : "ffca28be3c9c6a86a579949d23f68818a4b9b5d8",
        "version" : "3.8.0"
      }
    }
  ],
  "version" : 3
}
